
Microsoft Visual Studio Solution File, Format Version 12.00
# Visual Studio Version 17
VisualStudioVersion = 17.10.35004.147
MinimumVisualStudioVersion = 10.0.40219.1
Project("{FAE04EC0-301F-11D3-BF4B-00C04F79EFBC}") = "boilerplate.web", "boilerplate.web\boilerplate.web.csproj", "{823ACB69-BF26-42C9-ADBF-2CBD1DEA08BA}"
EndProject
Global
	GlobalSection(SolutionConfigurationPlatforms) = preSolution
		Debug|Any CPU = Debug|Any CPU
		Release|Any CPU = Release|Any CPU
	EndGlobalSection
	GlobalSection(ProjectConfigurationPlatforms) = postSolution
		{823ACB69-BF26-42C9-ADBF-2CBD1DEA08BA}.Debug|Any CPU.ActiveCfg = Debug|Any CPU
		{823ACB69-BF26-42C9-ADBF-2CBD1DEA08BA}.Debug|Any CPU.Build.0 = Debug|Any CPU
		{823ACB69-BF26-42C9-ADBF-2CBD1DEA08BA}.Release|Any CPU.ActiveCfg = Release|Any CPU
		{823ACB69-BF26-42C9-ADBF-2CBD1DEA08BA}.Release|Any CPU.Build.0 = Release|Any CPU
	EndGlobalSection
	GlobalSection(SolutionProperties) = preSolution
		HideSolutionNode = FALSE
	EndGlobalSection
	GlobalSection(ExtensibilityGlobals) = postSolution
		SolutionGuid = {B4084C40-025A-4192-8C72-1203CCB74C53}
	EndGlobalSection
EndGlobal
